
Microsoft Visual Studio Solution File, Format Version 12.00
# Visual Studio 2012
Project("{FAE04EC0-301F-11D3-BF4B-00C04F79EFBC}") = "SnippetAnywhere", "source\SnippetAnywhere.csproj", "{BEEBE1E7-F725-43FE-B562-1699930EC90E}"
EndProject
Global
	GlobalSection(SolutionConfigurationPlatforms) = preSolution
		Debug|Any CPU = Debug|Any CPU
		Release|Any CPU = Release|Any CPU
	EndGlobalSection
	GlobalSection(ProjectConfigurationPlatforms) = postSolution
		{BEEBE1E7-F725-43FE-B562-1699930EC90E}.Debug|Any CPU.ActiveCfg = Debug|Any CPU
		{BEEBE1E7-F725-43FE-B562-1699930EC90E}.Debug|Any CPU.Build.0 = Debug|Any CPU
		{BEEBE1E7-F725-43FE-B562-1699930EC90E}.Release|Any CPU.ActiveCfg = Release|Any CPU
		{BEEBE1E7-F725-43FE-B562-1699930EC90E}.Release|Any CPU.Build.0 = Release|Any CPU
	EndGlobalSection
	GlobalSection(SolutionProperties) = preSolution
		HideSolutionNode = FALSE
	EndGlobalSection
EndGlobal
